
Microsoft Visual Studio Solution File, Format Version 12.00
# Visual Studio 2013
VisualStudioVersion = 12.0.40629.0
MinimumVisualStudioVersion = 10.0.40219.1
Project("{FAE04EC0-301F-11D3-BF4B-00C04F79EFBC}") = "PersonalFinanceRestApi", "PersonalFinanceRestApi\PersonalFinanceRestApi.csproj", "{5D1A62CC-E4CB-479E-BDD1-C5135A1166CF}"
EndProject
Global
	GlobalSection(SolutionConfigurationPlatforms) = preSolution
		Debug|Any CPU = Debug|Any CPU
		Release|Any CPU = Release|Any CPU
	EndGlobalSection
	GlobalSection(ProjectConfigurationPlatforms) = postSolution
		{5D1A62CC-E4CB-479E-BDD1-C5135A1166CF}.Debug|Any CPU.ActiveCfg = Debug|Any CPU
		{5D1A62CC-E4CB-479E-BDD1-C5135A1166CF}.Debug|Any CPU.Build.0 = Debug|Any CPU
		{5D1A62CC-E4CB-479E-BDD1-C5135A1166CF}.Release|Any CPU.ActiveCfg = Release|Any CPU
		{5D1A62CC-E4CB-479E-BDD1-C5135A1166CF}.Release|Any CPU.Build.0 = Release|Any CPU
	EndGlobalSection
	GlobalSection(SolutionProperties) = preSolution
		HideSolutionNode = FALSE
	EndGlobalSection
EndGlobal
